// !$*UTF8*$!
{
	archiveVersion = 1;
	classes = {
	};
	objectVersion = 56;
	objects = {

/* Begin PBXBuildFile section */
		58586B1C2BDA0D6100145DF8 /* TodoListApp.swift in Sources */ = {isa = PBXBuildFile; fileRef = 58586B1B2BDA0D6100145DF8 /* TodoListApp.swift */; };
		58586B1E2BDA0D6100145DF8 /* ContentView.swift in Sources */ = {isa = PBXBuildFile; fileRef = 58586B1D2BDA0D6100145DF8 /* ContentView.swift */; };
		58586B202BDA0D6200145DF8 /* Assets.xcassets in Resources */ = {isa = PBXBuildFile; fileRef = 58586B1F2BDA0D6200145DF8 /* Assets.xcassets */; };
		58586B232BDA0D6200145DF8 /* Preview Assets.xcassets in Resources */ = {isa = PBXBuildFile; fileRef = 58586B222BDA0D6200145DF8 /* Preview Assets.xcassets */; };
		58586B2D2BDA0DAE00145DF8 /* TodoModel.swift in Sources */ = {isa = PBXBuildFile; fileRef = 58586B2C2BDA0DAE00145DF8 /* TodoModel.swift */; };
		58586B2F2BDA0E2300145DF8 /* TodoMainView.swift in Sources */ = {isa = PBXBuildFile; fileRef = 58586B2E2BDA0E2300145DF8 /* TodoMainView.swift */; };
		58586B312BDA0EB400145DF8 /* TodoView.swift in Sources */ = {isa = PBXBuildFile; fileRef = 58586B302BDA0EB400145DF8 /* TodoView.swift */; };
		58586B332BDA17C800145DF8 /* AddTodoView.swift in Sources */ = {isa = PBXBuildFile; fileRef = 58586B322BDA17C800145DF8 /* AddTodoView.swift */; };
		58586B362BDA21A200145DF8 /* TodoViewModel.swift in Sources */ = {isa = PBXBuildFile; fileRef = 58586B352BDA21A200145DF8 /* TodoViewModel.swift */; };
		58586B402BDA4C0200145DF8 /* WidgetKit.framework in Frameworks */ = {isa = PBXBuildFile; fileRef = 58586B3F2BDA4C0200145DF8 /* WidgetKit.framework */; };
		58586B422BDA4C0200145DF8 /* SwiftUI.framework in Frameworks */ = {isa = PBXBuildFile; fileRef = 58586B412BDA4C0200145DF8 /* SwiftUI.framework */; };
		58586B452BDA4C0200145DF8 /* TodoWidgetBundle.swift in Sources */ = {isa = PBXBuildFile; fileRef = 58586B442BDA4C0200145DF8 /* TodoWidgetBundle.swift */; };
		58586B472BDA4C0200145DF8 /* TodoWidget.swift in Sources */ = {isa = PBXBuildFile; fileRef = 58586B462BDA4C0200145DF8 /* TodoWidget.swift */; };
		58586B492BDA4C0400145DF8 /* Assets.xcassets in Resources */ = {isa = PBXBuildFile; fileRef = 58586B482BDA4C0400145DF8 /* Assets.xcassets */; };
		58586B4D2BDA4C0400145DF8 /* TodoWidgetExtension.appex in Embed Foundation Extensions */ = {isa = PBXBuildFile; fileRef = 58586B3D2BDA4C0200145DF8 /* TodoWidgetExtension.appex */; settings = {ATTRIBUTES = (RemoveHeadersOnCopy, ); }; };
		58586B522BDA4D0F00145DF8 /* TodoModel.swift in Sources */ = {isa = PBXBuildFile; fileRef = 58586B2C2BDA0DAE00145DF8 /* TodoModel.swift */; };
/* End PBXBuildFile section */

/* Begin PBXContainerItemProxy section */
		58586B4B2BDA4C0400145DF8 /* PBXContainerItemProxy */ = {
			isa = PBXContainerItemProxy;
			containerPortal = 58586B102BDA0D6100145DF8 /* Project object */;
			proxyType = 1;
			remoteGlobalIDString = 58586B3C2BDA4C0200145DF8;
			remoteInfo = TodoWidgetExtension;
		};
/* End PBXContainerItemProxy section */

/* Begin PBXCopyFilesBuildPhase section */
		58586B512BDA4C0400145DF8 /* Embed Foundation Extensions */ = {
			isa = PBXCopyFilesBuildPhase;
			buildActionMask = 2147483647;
			dstPath = "";
			dstSubfolderSpec = 13;
			files = (
				58586B4D2BDA4C0400145DF8 /* TodoWidgetExtension.appex in Embed Foundation Extensions */,
			);
			name = "Embed Foundation Extensions";
			runOnlyForDeploymentPostprocessing = 0;
		};
/* End PBXCopyFilesBuildPhase section */

/* Begin PBXFileReference section */
		58586B182BDA0D6100145DF8 /* TodoList.app */ = {isa = PBXFileReference; explicitFileType = wrapper.application; includeInIndex = 0; path = TodoList.app; sourceTree = BUILT_PRODUCTS_DIR; };
		58586B1B2BDA0D6100145DF8 /* TodoListApp.swift */ = {isa = PBXFileReference; lastKnownFileType = sourcecode.swift; path = TodoListApp.swift; sourceTree = "<group>"; };
		58586B1D2BDA0D6100145DF8 /* ContentView.swift */ = {isa = PBXFileReference; lastKnownFileType = sourcecode.swift; path = ContentView.swift; sourceTree = "<group>"; };
		58586B1F2BDA0D6200145DF8 /* Assets.xcassets */ = {isa = PBXFileReference; lastKnownFileType = folder.assetcatalog; path = Assets.xcassets; sourceTree = "<group>"; };
		58586B222BDA0D6200145DF8 /* Preview Assets.xcassets */ = {isa = PBXFileReference; lastKnownFileType = folder.assetcatalog; path = "Preview Assets.xcassets"; sourceTree = "<group>"; };
		58586B2C2BDA0DAE00145DF8 /* TodoModel.swift */ = {isa = PBXFileReference; lastKnownFileType = sourcecode.swift; path = TodoModel.swift; sourceTree = "<group>"; };
		58586B2E2BDA0E2300145DF8 /* TodoMainView.swift */ = {isa = PBXFileReference; lastKnownFileType = sourcecode.swift; path = TodoMainView.swift; sourceTree = "<group>"; };
		58586B302BDA0EB400145DF8 /* TodoView.swift */ = {isa = PBXFileReference; lastKnownFileType = sourcecode.swift; path = TodoView.swift; sourceTree = "<group>"; };
		58586B322BDA17C800145DF8 /* AddTodoView.swift */ = {isa = PBXFileReference; lastKnownFileType = sourcecode.swift; path = AddTodoView.swift; sourceTree = "<group>"; };
		58586B352BDA21A200145DF8 /* TodoViewModel.swift */ = {isa = PBXFileReference; lastKnownFileType = sourcecode.swift; path = TodoViewModel.swift; sourceTree = "<group>"; };
		58586B3D2BDA4C0200145DF8 /* TodoWidgetExtension.appex */ = {isa = PBXFileReference; explicitFileType = "wrapper.app-extension"; includeInIndex = 0; path = TodoWidgetExtension.appex; sourceTree = BUILT_PRODUCTS_DIR; };
		58586B3F2BDA4C0200145DF8 /* WidgetKit.framework */ = {isa = PBXFileReference; lastKnownFileType = wrapper.framework; name = WidgetKit.framework; path = System/Library/Frameworks/WidgetKit.framework; sourceTree = SDKROOT; };
		58586B412BDA4C0200145DF8 /* SwiftUI.framework */ = {isa = PBXFileReference; lastKnownFileType = wrapper.framework; name = SwiftUI.framework; path = System/Library/Frameworks/SwiftUI.framework; sourceTree = SDKROOT; };
		58586B442BDA4C0200145DF8 /* TodoWidgetBundle.swift */ = {isa = PBXFileReference; lastKnownFileType = sourcecode.swift; path = TodoWidgetBundle.swift; sourceTree = "<group>"; };
		58586B462BDA4C0200145DF8 /* TodoWidget.swift */ = {isa = PBXFileReference; lastKnownFileType = sourcecode.swift; path = TodoWidget.swift; sourceTree = "<group>"; };
		58586B482BDA4C0400145DF8 /* Assets.xcassets */ = {isa = PBXFileReference; lastKnownFileType = folder.assetcatalog; path = Assets.xcassets; sourceTree = "<group>"; };
		58586B4A2BDA4C0400145DF8 /* Info.plist */ = {isa = PBXFileReference; lastKnownFileType = text.plist.xml; path = Info.plist; sourceTree = "<group>"; };
/* End PBXFileReference section */

/* Begin PBXFrameworksBuildPhase section */
		58586B152BDA0D6100145DF8 /* Frameworks */ = {
			isa = PBXFrameworksBuildPhase;
			buildActionMask = 2147483647;
			files = (
			);
			runOnlyForDeploymentPostprocessing = 0;
		};
		58586B3A2BDA4C0200145DF8 /* Frameworks */ = {
			isa = PBXFrameworksBuildPhase;
			buildActionMask = 2147483647;
			files = (
				58586B422BDA4C0200145DF8 /* SwiftUI.framework in Frameworks */,
				58586B402BDA4C0200145DF8 /* WidgetKit.framework in Frameworks */,
			);
			runOnlyForDeploymentPostprocessing = 0;
		};
/* End PBXFrameworksBuildPhase section */

/* Begin PBXGroup section */
		58586B0F2BDA0D6100145DF8 = {
			isa = PBXGroup;
			children = (
				58586B1A2BDA0D6100145DF8 /* TodoList */,
				58586B432BDA4C0200145DF8 /* TodoWidget */,
				58586B3E2BDA4C0200145DF8 /* Frameworks */,
				58586B192BDA0D6100145DF8 /* Products */,
			);
			sourceTree = "<group>";
		};
		58586B192BDA0D6100145DF8 /* Products */ = {
			isa = PBXGroup;
			children = (
				58586B182BDA0D6100145DF8 /* TodoList.app */,
				58586B3D2BDA4C0200145DF8 /* TodoWidgetExtension.appex */,
			);
			name = Products;
			sourceTree = "<group>";
		};
		58586B1A2BDA0D6100145DF8 /* TodoList */ = {
			isa = PBXGroup;
			children = (
				58586B1B2BDA0D6100145DF8 /* TodoListApp.swift */,
				58586B1D2BDA0D6100145DF8 /* ContentView.swift */,
				58586B292BDA0D6800145DF8 /* View */,
				58586B2B2BDA0D7800145DF8 /* Model */,
				58586B2A2BDA0D6D00145DF8 /* ViewModel */,
				58586B1F2BDA0D6200145DF8 /* Assets.xcassets */,
				58586B212BDA0D6200145DF8 /* Preview Content */,
			);
			path = TodoList;
			sourceTree = "<group>";
		};
		58586B212BDA0D6200145DF8 /* Preview Content */ = {
			isa = PBXGroup;
			children = (
				58586B222BDA0D6200145DF8 /* Preview Assets.xcassets */,
			);
			path = "Preview Content";
			sourceTree = "<group>";
		};
		58586B292BDA0D6800145DF8 /* View */ = {
			isa = PBXGroup;
			children = (
				58586B2E2BDA0E2300145DF8 /* TodoMainView.swift */,
				58586B302BDA0EB400145DF8 /* TodoView.swift */,
				58586B322BDA17C800145DF8 /* AddTodoView.swift */,
			);
			path = View;
			sourceTree = "<group>";
		};
		58586B2A2BDA0D6D00145DF8 /* ViewModel */ = {
			isa = PBXGroup;
			children = (
				58586B352BDA21A200145DF8 /* TodoViewModel.swift */,
			);
			path = ViewModel;
			sourceTree = "<group>";
		};
		58586B2B2BDA0D7800145DF8 /* Model */ = {
			isa = PBXGroup;
			children = (
				58586B2C2BDA0DAE00145DF8 /* TodoModel.swift */,
			);
			path = Model;
			sourceTree = "<group>";
		};
		58586B3E2BDA4C0200145DF8 /* Frameworks */ = {
			isa = PBXGroup;
			children = (
				58586B3F2BDA4C0200145DF8 /* WidgetKit.framework */,
				58586B412BDA4C0200145DF8 /* SwiftUI.framework */,
			);
			name = Frameworks;
			sourceTree = "<group>";
		};
		58586B432BDA4C0200145DF8 /* TodoWidget */ = {
			isa = PBXGroup;
			children = (
				58586B442BDA4C0200145DF8 /* TodoWidgetBundle.swift */,
				58586B462BDA4C0200145DF8 /* TodoWidget.swift */,
				58586B482BDA4C0400145DF8 /* Assets.xcassets */,
				58586B4A2BDA4C0400145DF8 /* Info.plist */,
			);
			path = TodoWidget;
			sourceTree = "<group>";
		};
/* End PBXGroup section */

/* Begin PBXNativeTarget section */
		58586B172BDA0D6100145DF8 /* TodoList */ = {
			isa = PBXNativeTarget;
			buildConfigurationList = 58586B262BDA0D6200145DF8 /* Build configuration list for PBXNativeTarget "TodoList" */;
			buildPhases = (
				58586B142BDA0D6100145DF8 /* Sources */,
				58586B152BDA0D6100145DF8 /* Frameworks */,
				58586B162BDA0D6100145DF8 /* Resources */,
				58586B512BDA4C0400145DF8 /* Embed Foundation Extensions */,
			);
			buildRules = (
			);
			dependencies = (
				58586B4C2BDA4C0400145DF8 /* PBXTargetDependency */,
			);
			name = TodoList;
			productName = TodoList;
			productReference = 58586B182BDA0D6100145DF8 /* TodoList.app */;
			productType = "com.apple.product-type.application";
		};
		58586B3C2BDA4C0200145DF8 /* TodoWidgetExtension */ = {
			isa = PBXNativeTarget;
			buildConfigurationList = 58586B4E2BDA4C0400145DF8 /* Build configuration list for PBXNativeTarget "TodoWidgetExtension" */;
			buildPhases = (
				58586B392BDA4C0200145DF8 /* Sources */,
				58586B3A2BDA4C0200145DF8 /* Frameworks */,
				58586B3B2BDA4C0200145DF8 /* Resources */,
			);
			buildRules = (
			);
			dependencies = (
			);
			name = TodoWidgetExtension;
			productName = TodoWidgetExtension;
			productReference = 58586B3D2BDA4C0200145DF8 /* TodoWidgetExtension.appex */;
			productType = "com.apple.product-type.app-extension";
		};
/* End PBXNativeTarget section */

/* Begin PBXProject section */
		58586B102BDA0D6100145DF8 /* Project object */ = {
			isa = PBXProject;
			attributes = {
				BuildIndependentTargetsInParallel = 1;
				LastSwiftUpdateCheck = 1530;
				LastUpgradeCheck = 1530;
				TargetAttributes = {
					58586B172BDA0D6100145DF8 = {
						CreatedOnToolsVersion = 15.3;
					};
					58586B3C2BDA4C0200145DF8 = {
						CreatedOnToolsVersion = 15.3;
					};
				};
			};
			buildConfigurationList = 58586B132BDA0D6100145DF8 /* Build configuration list for PBXProject "TodoList" */;
			compatibilityVersion = "Xcode 14.0";
			developmentRegion = en;
			hasScannedForEncodings = 0;
			knownRegions = (
				en,
				Base,
			);
			mainGroup = 58586B0F2BDA0D6100145DF8;
			productRefGroup = 58586B192BDA0D6100145DF8 /* Products */;
			projectDirPath = "";
			projectRoot = "";
			targets = (
				58586B172BDA0D6100145DF8 /* TodoList */,
				58586B3C2BDA4C0200145DF8 /* TodoWidgetExtension */,
			);
		};
/* End PBXProject section */

/* Begin PBXResourcesBuildPhase section */
		58586B162BDA0D6100145DF8 /* Resources */ = {
			isa = PBXResourcesBuildPhase;
			buildActionMask = 2147483647;
			files = (
				58586B232BDA0D6200145DF8 /* Preview Assets.xcassets in Resources */,
				58586B202BDA0D6200145DF8 /* Assets.xcassets in Resources */,
			);
			runOnlyForDeploymentPostprocessing = 0;
		};
		58586B3B2BDA4C0200145DF8 /* Resources */ = {
			isa = PBXResourcesBuildPhase;
			buildActionMask = 2147483647;
			files = (
				58586B492BDA4C0400145DF8 /* Assets.xcassets in Resources */,
			);
			runOnlyForDeploymentPostprocessing = 0;
		};
/* End PBXResourcesBuildPhase section */

/* Begin PBXSourcesBuildPhase section */
		58586B142BDA0D6100145DF8 /* Sources */ = {
			isa = PBXSourcesBuildPhase;
			buildActionMask = 2147483647;
			files = (
				58586B2D2BDA0DAE00145DF8 /* TodoModel.swift in Sources */,
				58586B312BDA0EB400145DF8 /* TodoView.swift in Sources */,
				58586B332BDA17C800145DF8 /* AddTodoView.swift in Sources */,
				58586B1E2BDA0D6100145DF8 /* ContentView.swift in Sources */,
				58586B1C2BDA0D6100145DF8 /* TodoListApp.swift in Sources */,
				58586B362BDA21A200145DF8 /* TodoViewModel.swift in Sources */,
				58586B2F2BDA0E2300145DF8 /* TodoMainView.swift in Sources */,
			);
			runOnlyForDeploymentPostprocessing = 0;
		};
		58586B392BDA4C0200145DF8 /* Sources */ = {
			isa = PBXSourcesBuildPhase;
			buildActionMask = 2147483647;
			files = (
				58586B522BDA4D0F00145DF8 /* TodoModel.swift in Sources */,
				58586B452BDA4C0200145DF8 /* TodoWidgetBundle.swift in Sources */,
				58586B472BDA4C0200145DF8 /* TodoWidget.swift in Sources */,
			);
			runOnlyForDeploymentPostprocessing = 0;
		};
/* End PBXSourcesBuildPhase section */

/* Begin PBXTargetDependency section */
		58586B4C2BDA4C0400145DF8 /* PBXTargetDependency */ = {
			isa = PBXTargetDependency;
			target = 58586B3C2BDA4C0200145DF8 /* TodoWidgetExtension */;
			targetProxy = 58586B4B2BDA4C0400145DF8 /* PBXContainerItemProxy */;
		};
/* End PBXTargetDependency section */

/* Begin XCBuildConfiguration section */
		58586B242BDA0D6200145DF8 /* Debug */ = {
			isa = XCBuildConfiguration;
			buildSettings = {
				ALWAYS_SEARCH_USER_PATHS = NO;
				ASSETCATALOG_COMPILER_GENERATE_SWIFT_ASSET_SYMBOL_EXTENSIONS = YES;
				CLANG_ANALYZER_NONNULL = YES;
				CLANG_ANALYZER_NUMBER_OBJECT_CONVERSION = YES_AGGRESSIVE;
				CLANG_CXX_LANGUAGE_STANDARD = "gnu++20";
				CLANG_ENABLE_MODULES = YES;
				CLANG_ENABLE_OBJC_ARC = YES;
				CLANG_ENABLE_OBJC_WEAK = YES;
				CLANG_WARN_BLOCK_CAPTURE_AUTORELEASING = YES;
				CLANG_WARN_BOOL_CONVERSION = YES;
				CLANG_WARN_COMMA = YES;
				CLANG_WARN_CONSTANT_CONVERSION = YES;
				CLANG_WARN_DEPRECATED_OBJC_IMPLEMENTATIONS = YES;
				CLANG_WARN_DIRECT_OBJC_ISA_USAGE = YES_ERROR;
				CLANG_WARN_DOCUMENTATION_COMMENTS = YES;
				CLANG_WARN_EMPTY_BODY = YES;
				CLANG_WARN_ENUM_CONVERSION = YES;
				CLANG_WARN_INFINITE_RECURSION = YES;
				CLANG_WARN_INT_CONVERSION = YES;
				CLANG_WARN_NON_LITERAL_NULL_CONVERSION = YES;
				CLANG_WARN_OBJC_IMPLICIT_RETAIN_SELF = YES;
				CLANG_WARN_OBJC_LITERAL_CONVERSION = YES;
				CLANG_WARN_OBJC_ROOT_CLASS = YES_ERROR;
				CLANG_WARN_QUOTED_INCLUDE_IN_FRAMEWORK_HEADER = YES;
				CLANG_WARN_RANGE_LOOP_ANALYSIS = YES;
				CLANG_WARN_STRICT_PROTOTYPES = YES;
				CLANG_WARN_SUSPICIOUS_MOVE = YES;
				CLANG_WARN_UNGUARDED_AVAILABILITY = YES_AGGRESSIVE;
				CLANG_WARN_UNREACHABLE_CODE = YES;
				CLANG_WARN__DUPLICATE_METHOD_MATCH = YES;
				COPY_PHASE_STRIP = NO;
				DEBUG_INFORMATION_FORMAT = dwarf;
				ENABLE_STRICT_OBJC_MSGSEND = YES;
				ENABLE_TESTABILITY = YES;
				ENABLE_USER_SCRIPT_SANDBOXING = YES;
				GCC_C_LANGUAGE_STANDARD = gnu17;
				GCC_DYNAMIC_NO_PIC = NO;
				GCC_NO_COMMON_BLOCKS = YES;
				GCC_OPTIMIZATION_LEVEL = 0;
				GCC_PREPROCESSOR_DEFINITIONS = (
					"DEBUG=1",
					"$(inherited)",
				);
				GCC_WARN_64_TO_32_BIT_CONVERSION = YES;
				GCC_WARN_ABOUT_RETURN_TYPE = YES_ERROR;
				GCC_WARN_UNDECLARED_SELECTOR = YES;
				GCC_WARN_UNINITIALIZED_AUTOS = YES_AGGRESSIVE;
				GCC_WARN_UNUSED_FUNCTION = YES;
				GCC_WARN_UNUSED_VARIABLE = YES;
				IPHONEOS_DEPLOYMENT_TARGET = 17.4;
				LOCALIZATION_PREFERS_STRING_CATALOGS = YES;
				MTL_ENABLE_DEBUG_INFO = INCLUDE_SOURCE;
				MTL_FAST_MATH = YES;
				ONLY_ACTIVE_ARCH = YES;
				SDKROOT = iphoneos;
				SWIFT_ACTIVE_COMPILATION_CONDITIONS = "DEBUG $(inherited)";
				SWIFT_OPTIMIZATION_LEVEL = "-Onone";
			};
			name = Debug;
		};
		58586B252BDA0D6200145DF8 /* Release */ = {
			isa = XCBuildConfiguration;
			buildSettings = {
				ALWAYS_SEARCH_USER_PATHS = NO;
				ASSETCATALOG_COMPILER_GENERATE_SWIFT_ASSET_SYMBOL_EXTENSIONS = YES;
				CLANG_ANALYZER_NONNULL = YES;
				CLANG_ANALYZER_NUMBER_OBJECT_CONVERSION = YES_AGGRESSIVE;
				CLANG_CXX_LANGUAGE_STANDARD = "gnu++20";
				CLANG_ENABLE_MODULES = YES;
				CLANG_ENABLE_OBJC_ARC = YES;
				CLANG_ENABLE_OBJC_WEAK = YES;
				CLANG_WARN_BLOCK_CAPTURE_AUTORELEASING = YES;
				CLANG_WARN_BOOL_CONVERSION = YES;
				CLANG_WARN_COMMA = YES;
				CLANG_WARN_CONSTANT_CONVERSION = YES;
				CLANG_WARN_DEPRECATED_OBJC_IMPLEMENTATIONS = YES;
				CLANG_WARN_DIRECT_OBJC_ISA_USAGE = YES_ERROR;
				CLANG_WARN_DOCUMENTATION_COMMENTS = YES;
				CLANG_WARN_EMPTY_BODY = YES;
				CLANG_WARN_ENUM_CONVERSION = YES;
				CLANG_WARN_INFINITE_RECURSION = YES;
				CLANG_WARN_INT_CONVERSION = YES;
				CLANG_WARN_NON_LITERAL_NULL_CONVERSION = YES;
				CLANG_WARN_OBJC_IMPLICIT_RETAIN_SELF = YES;
				CLANG_WARN_OBJC_LITERAL_CONVERSION = YES;
				CLANG_WARN_OBJC_ROOT_CLASS = YES_ERROR;
				CLANG_WARN_QUOTED_INCLUDE_IN_FRAMEWORK_HEADER = YES;
				CLANG_WARN_RANGE_LOOP_ANALYSIS = YES;
				CLANG_WARN_STRICT_PROTOTYPES = YES;
				CLANG_WARN_SUSPICIOUS_MOVE = YES;
				CLANG_WARN_UNGUARDED_AVAILABILITY = YES_AGGRESSIVE;
				CLANG_WARN_UNREACHABLE_CODE = YES;
				CLANG_WARN__DUPLICATE_METHOD_MATCH = YES;
				COPY_PHASE_STRIP = NO;
				DEBUG_INFORMATION_FORMAT = "dwarf-with-dsym";
				ENABLE_NS_ASSERTIONS = NO;
				ENABLE_STRICT_OBJC_MSGSEND = YES;
				ENABLE_USER_SCRIPT_SANDBOXING = YES;
				GCC_C_LANGUAGE_STANDARD = gnu17;
				GCC_NO_COMMON_BLOCKS = YES;
				GCC_WARN_64_TO_32_BIT_CONVERSION = YES;
				GCC_WARN_ABOUT_RETURN_TYPE = YES_ERROR;
				GCC_WARN_UNDECLARED_SELECTOR = YES;
				GCC_WARN_UNINITIALIZED_AUTOS = YES_AGGRESSIVE;
				GCC_WARN_UNUSED_FUNCTION = YES;
				GCC_WARN_UNUSED_VARIABLE = YES;
				IPHONEOS_DEPLOYMENT_TARGET = 17.4;
				LOCALIZATION_PREFERS_STRING_CATALOGS = YES;
				MTL_ENABLE_DEBUG_INFO = NO;
				MTL_FAST_MATH = YES;
				SDKROOT = iphoneos;
				SWIFT_COMPILATION_MODE = wholemodule;
				VALIDATE_PRODUCT = YES;
			};
			name = Release;
		};
		58586B272BDA0D6200145DF8 /* Debug */ = {
			isa = XCBuildConfiguration;
			buildSettings = {
				ALWAYS_EMBED_SWIFT_STANDARD_LIBRARIES = YES;
				ASSETCATALOG_COMPILER_APPICON_NAME = AppIcon;
				ASSETCATALOG_COMPILER_GLOBAL_ACCENT_COLOR_NAME = AccentColor;
				CODE_SIGN_STYLE = Automatic;
				CURRENT_PROJECT_VERSION = 1;
				DEVELOPMENT_ASSET_PATHS = "\"TodoList/Preview Content\"";
				DEVELOPMENT_TEAM = P95R3MRRWK;
				ENABLE_PREVIEWS = YES;
				GENERATE_INFOPLIST_FILE = YES;
				INFOPLIST_KEY_UIApplicationSceneManifest_Generation = YES;
				INFOPLIST_KEY_UIApplicationSupportsIndirectInputEvents = YES;
				INFOPLIST_KEY_UILaunchScreen_Generation = YES;
				INFOPLIST_KEY_UISupportedInterfaceOrientations_iPad = "UIInterfaceOrientationPortrait UIInterfaceOrientationPortraitUpsideDown UIInterfaceOrientationLandscapeLeft UIInterfaceOrientationLandscapeRight";
				INFOPLIST_KEY_UISupportedInterfaceOrientations_iPhone = "UIInterfaceOrientationPortrait UIInterfaceOrientationLandscapeLeft UIInterfaceOrientationLandscapeRight";
				LD_RUNPATH_SEARCH_PATHS = (
					"$(inherited)",
					"@executable_path/Frameworks",
				);
				MARKETING_VERSION = 1.0;
				PRODUCT_BUNDLE_IDENTIFIER = kr.Bin.TodoList;
				PRODUCT_NAME = "$(TARGET_NAME)";
				SWIFT_EMIT_LOC_STRINGS = YES;
				SWIFT_VERSION = 5.0;
				TARGETED_DEVICE_FAMILY = "1,2";
			};
			name = Debug;
		};
		58586B282BDA0D6200145DF8 /* Release */ = {
			isa = XCBuildConfiguration;
			buildSettings = {
				ALWAYS_EMBED_SWIFT_STANDARD_LIBRARIES = YES;
				ASSETCATALOG_COMPILER_APPICON_NAME = AppIcon;
				ASSETCATALOG_COMPILER_GLOBAL_ACCENT_COLOR_NAME = AccentColor;
				CODE_SIGN_STYLE = Automatic;
				CURRENT_PROJECT_VERSION = 1;
				DEVELOPMENT_ASSET_PATHS = "\"TodoList/Preview Content\"";
				DEVELOPMENT_TEAM = P95R3MRRWK;
				ENABLE_PREVIEWS = YES;
				GENERATE_INFOPLIST_FILE = YES;
				INFOPLIST_KEY_UIApplicationSceneManifest_Generation = YES;
				INFOPLIST_KEY_UIApplicationSupportsIndirectInputEvents = YES;
				INFOPLIST_KEY_UILaunchScreen_Generation = YES;
				INFOPLIST_KEY_UISupportedInterfaceOrientations_iPad = "UIInterfaceOrientationPortrait UIInterfaceOrientationPortraitUpsideDown UIInterfaceOrientationLandscapeLeft UIInterfaceOrientationLandscapeRight";
				INFOPLIST_KEY_UISupportedInterfaceOrientations_iPhone = "UIInterfaceOrientationPortrait UIInterfaceOrientationLandscapeLeft UIInterfaceOrientationLandscapeRight";
				LD_RUNPATH_SEARCH_PATHS = (
					"$(inherited)",
					"@executable_path/Frameworks",
				);
				MARKETING_VERSION = 1.0;
				PRODUCT_BUNDLE_IDENTIFIER = kr.Bin.TodoList;
				PRODUCT_NAME = "$(TARGET_NAME)";
				SWIFT_EMIT_LOC_STRINGS = YES;
				SWIFT_VERSION = 5.0;
				TARGETED_DEVICE_FAMILY = "1,2";
			};
			name = Release;
		};
		58586B4F2BDA4C0400145DF8 /* Debug */ = {
			isa = XCBuildConfiguration;
			buildSettings = {
				ASSETCATALOG_COMPILER_GLOBAL_ACCENT_COLOR_NAME = AccentColor;
				ASSETCATALOG_COMPILER_WIDGET_BACKGROUND_COLOR_NAME = WidgetBackground;
				CODE_SIGN_STYLE = Automatic;
				CURRENT_PROJECT_VERSION = 1;
				DEVELOPMENT_TEAM = P95R3MRRWK;
				GENERATE_INFOPLIST_FILE = YES;
				INFOPLIST_FILE = TodoWidget/Info.plist;
				INFOPLIST_KEY_CFBundleDisplayName = TodoWidget;
				INFOPLIST_KEY_NSHumanReadableCopyright = "";
				LD_RUNPATH_SEARCH_PATHS = (
					"$(inherited)",
					"@executable_path/Frameworks",
					"@executable_path/../../Frameworks",
				);
				MARKETING_VERSION = 1.0;
				PRODUCT_BUNDLE_IDENTIFIER = kr.Bin.TodoList.TodoWidget;
				PRODUCT_NAME = "$(TARGET_NAME)";
				SKIP_INSTALL = YES;
				SWIFT_EMIT_LOC_STRINGS = YES;
				SWIFT_VERSION = 5.0;
				TARGETED_DEVICE_FAMILY = "1,2";
			};
			name = Debug;
		};
		58586B502BDA4C0400145DF8 /* Release */ = {
			isa = XCBuildConfiguration;
			buildSettings = {
				ASSETCATALOG_COMPILER_GLOBAL_ACCENT_COLOR_NAME = AccentColor;
				ASSETCATALOG_COMPILER_WIDGET_BACKGROUND_COLOR_NAME = WidgetBackground;
				CODE_SIGN_STYLE = Automatic;
				CURRENT_PROJECT_VERSION = 1;
				DEVELOPMENT_TEAM = P95R3MRRWK;
				GENERATE_INFOPLIST_FILE = YES;
				INFOPLIST_FILE = TodoWidget/Info.plist;
				INFOPLIST_KEY_CFBundleDisplayName = TodoWidget;
				INFOPLIST_KEY_NSHumanReadableCopyright = "";
				LD_RUNPATH_SEARCH_PATHS = (
					"$(inherited)",
					"@executable_path/Frameworks",
					"@executable_path/../../Frameworks",
				);
				MARKETING_VERSION = 1.0;
				PRODUCT_BUNDLE_IDENTIFIER = kr.Bin.TodoList.TodoWidget;
				PRODUCT_NAME = "$(TARGET_NAME)";
				SKIP_INSTALL = YES;
				SWIFT_EMIT_LOC_STRINGS = YES;
				SWIFT_VERSION = 5.0;
				TARGETED_DEVICE_FAMILY = "1,2";
			};
			name = Release;
		};
/* End XCBuildConfiguration section */

/* Begin XCConfigurationList section */
		58586B132BDA0D6100145DF8 /* Build configuration list for PBXProject "TodoList" */ = {
			isa = XCConfigurationList;
			buildConfigurations = (
				58586B242BDA0D6200145DF8 /* Debug */,
				58586B252BDA0D6200145DF8 /* Release */,
			);
			defaultConfigurationIsVisible = 0;
			defaultConfigurationName = Release;
		};
		58586B262BDA0D6200145DF8 /* Build configuration list for PBXNativeTarget "TodoList" */ = {
			isa = XCConfigurationList;
			buildConfigurations = (
				58586B272BDA0D6200145DF8 /* Debug */,
				58586B282BDA0D6200145DF8 /* Release */,
			);
			defaultConfigurationIsVisible = 0;
			defaultConfigurationName = Release;
		};
		58586B4E2BDA4C0400145DF8 /* Build configuration list for PBXNativeTarget "TodoWidgetExtension" */ = {
			isa = XCConfigurationList;
			buildConfigurations = (
				58586B4F2BDA4C0400145DF8 /* Debug */,
				58586B502BDA4C0400145DF8 /* Release */,
			);
			defaultConfigurationIsVisible = 0;
			defaultConfigurationName = Release;
		};
/* End XCConfigurationList section */
	};
	rootObject = 58586B102BDA0D6100145DF8 /* Project object */;
}
